
Microsoft Visual Studio Solution File, Format Version 12.00
# Visual Studio Version 17
VisualStudioVersion = 17.3.32819.101
MinimumVisualStudioVersion = 10.0.40219.1
Project("{FAE04EC0-301F-11D3-BF4B-00C04F79EFBC}") = "Project2", "Project2.csproj", "{5D22DCBE-D62D-4435-B64D-67648ED0E9A3}"
EndProject
Global
	GlobalSection(SolutionConfigurationPlatforms) = preSolution
		Debug|Any CPU = Debug|Any CPU
		Release|Any CPU = Release|Any CPU
	EndGlobalSection
	GlobalSection(ProjectConfigurationPlatforms) = postSolution
		{5D22DCBE-D62D-4435-B64D-67648ED0E9A3}.Debug|Any CPU.ActiveCfg = Debug|Any CPU
		{5D22DCBE-D62D-4435-B64D-67648ED0E9A3}.Debug|Any CPU.Build.0 = Debug|Any CPU
		{5D22DCBE-D62D-4435-B64D-67648ED0E9A3}.Release|Any CPU.ActiveCfg = Release|Any CPU
		{5D22DCBE-D62D-4435-B64D-67648ED0E9A3}.Release|Any CPU.Build.0 = Release|Any CPU
	EndGlobalSection
	GlobalSection(SolutionProperties) = preSolution
		HideSolutionNode = FALSE
	EndGlobalSection
	GlobalSection(ExtensibilityGlobals) = postSolution
		SolutionGuid = {B9F45354-E115-4721-AD3D-BD91E6F0BBB9}
	EndGlobalSection
EndGlobal
